
Microsoft Visual Studio Solution File, Format Version 12.00
# Visual Studio Version 17
VisualStudioVersion = 17.7.34221.43
MinimumVisualStudioVersion = 10.0.40219.1
Project("{FAE04EC0-301F-11D3-BF4B-00C04F79EFBC}") = "WebAppPharmaApi", "WebAppPharmaApi\WebAppPharmaApi.csproj", "{412B6C40-AC8D-4AD9-93BE-214B09554921}"
EndProject
Global
	GlobalSection(SolutionConfigurationPlatforms) = preSolution
		Debug|Any CPU = Debug|Any CPU
		Release|Any CPU = Release|Any CPU
	EndGlobalSection
	GlobalSection(ProjectConfigurationPlatforms) = postSolution
		{412B6C40-AC8D-4AD9-93BE-214B09554921}.Debug|Any CPU.ActiveCfg = Debug|Any CPU
		{412B6C40-AC8D-4AD9-93BE-214B09554921}.Debug|Any CPU.Build.0 = Debug|Any CPU
		{412B6C40-AC8D-4AD9-93BE-214B09554921}.Release|Any CPU.ActiveCfg = Release|Any CPU
		{412B6C40-AC8D-4AD9-93BE-214B09554921}.Release|Any CPU.Build.0 = Release|Any CPU
	EndGlobalSection
	GlobalSection(SolutionProperties) = preSolution
		HideSolutionNode = FALSE
	EndGlobalSection
	GlobalSection(ExtensibilityGlobals) = postSolution
		SolutionGuid = {73447167-0730-46F7-A781-F7941C8E0D00}
	EndGlobalSection
EndGlobal
